
Microsoft Visual Studio Solution File, Format Version 12.00
# Visual Studio Version 17
VisualStudioVersion = 17.5.33424.131
MinimumVisualStudioVersion = 10.0.40219.1
Project("{2150E333-8FDC-42A3-9474-1A3956D46DE8}") = "1. Enterprise Business Rules", "1. Enterprise Business Rules", "{BA9E72B2-6021-4150-8200-A9AB1FBB0FAE}"
EndProject
Project("{2150E333-8FDC-42A3-9474-1A3956D46DE8}") = "2. Application Business Rules", "2. Application Business Rules", "{171DFAC6-A993-4371-AC87-F84B00529706}"
EndProject
Project("{2150E333-8FDC-42A3-9474-1A3956D46DE8}") = "3. Interface Adapters", "3. Interface Adapters", "{8D36C16B-E0C2-41C4-97B7-8C5CBA18A836}"
EndProject
Project("{2150E333-8FDC-42A3-9474-1A3956D46DE8}") = "4. Frameworks And Drivers", "4. Frameworks And Drivers", "{B79C29D8-50F5-4C7C-A024-53F9F51C218E}"
EndProject
Project("{FAE04EC0-301F-11D3-BF4B-00C04F79EFBC}") = "Entities", "Entities\Entities.csproj", "{131E6191-DF3D-4EDF-9B78-5BF5C40D768B}"
EndProject
Project("{FAE04EC0-301F-11D3-BF4B-00C04F79EFBC}") = "UseCasesDTOs", "UseCasesDTOs\UseCasesDTOs.csproj", "{5E213F1D-670C-4CBF-985E-0904F6FF0895}"
EndProject
Project("{FAE04EC0-301F-11D3-BF4B-00C04F79EFBC}") = "UseCasesPorts", "UseCasesPorts\UseCasesPorts.csproj", "{D2E78282-824F-49EB-A8B8-DD878E471D15}"
EndProject
Project("{FAE04EC0-301F-11D3-BF4B-00C04F79EFBC}") = "UseCases", "UseCases\UseCases.csproj", "{19B20479-DB85-4E66-8E1F-DE0E0E9DC5ED}"
EndProject
Project("{2150E333-8FDC-42A3-9474-1A3956D46DE8}") = "Gateways", "Gateways", "{262C4A81-7F3D-480B-BEC1-818436697F4B}"
EndProject
Project("{FAE04EC0-301F-11D3-BF4B-00C04F79EFBC}") = "ADONet", "ADONet\ADONet.csproj", "{77468F69-A860-438A-B339-89D06884350B}"
EndProject
Project("{FAE04EC0-301F-11D3-BF4B-00C04F79EFBC}") = "IoC", "IoC\IoC.csproj", "{28AAD748-3025-4D34-8A53-DC67DA5B74F8}"
EndProject
Project("{2150E333-8FDC-42A3-9474-1A3956D46DE8}") = "Presenters", "Presenters", "{9017EB5C-7AF2-45FA-9B32-6139B3AE157A}"
EndProject
Project("{FAE04EC0-301F-11D3-BF4B-00C04F79EFBC}") = "Presenters", "Presenters\Presenters.csproj", "{7A3E463D-1EEC-4E69-B57E-F282A0D32233}"
EndProject
Project("{FAE04EC0-301F-11D3-BF4B-00C04F79EFBC}") = "WebExceptionPresenter", "WebExceptionPresenter\WebExceptionPresenter.csproj", "{80557C08-CB59-4A79-A034-BA6A5B9DCAC0}"
EndProject
Project("{FAE04EC0-301F-11D3-BF4B-00C04F79EFBC}") = "WebApi", "WebApi\WebApi.csproj", "{5252A910-9B58-4F3B-B264-424647665001}"
EndProject
Global
	GlobalSection(SolutionConfigurationPlatforms) = preSolution
		Debug|Any CPU = Debug|Any CPU
		Release|Any CPU = Release|Any CPU
	EndGlobalSection
	GlobalSection(ProjectConfigurationPlatforms) = postSolution
		{131E6191-DF3D-4EDF-9B78-5BF5C40D768B}.Debug|Any CPU.ActiveCfg = Debug|Any CPU
		{131E6191-DF3D-4EDF-9B78-5BF5C40D768B}.Debug|Any CPU.Build.0 = Debug|Any CPU
		{131E6191-DF3D-4EDF-9B78-5BF5C40D768B}.Release|Any CPU.ActiveCfg = Release|Any CPU
		{131E6191-DF3D-4EDF-9B78-5BF5C40D768B}.Release|Any CPU.Build.0 = Release|Any CPU
		{5E213F1D-670C-4CBF-985E-0904F6FF0895}.Debug|Any CPU.ActiveCfg = Debug|Any CPU
		{5E213F1D-670C-4CBF-985E-0904F6FF0895}.Debug|Any CPU.Build.0 = Debug|Any CPU
		{5E213F1D-670C-4CBF-985E-0904F6FF0895}.Release|Any CPU.ActiveCfg = Release|Any CPU
		{5E213F1D-670C-4CBF-985E-0904F6FF0895}.Release|Any CPU.Build.0 = Release|Any CPU
		{D2E78282-824F-49EB-A8B8-DD878E471D15}.Debug|Any CPU.ActiveCfg = Debug|Any CPU
		{D2E78282-824F-49EB-A8B8-DD878E471D15}.Debug|Any CPU.Build.0 = Debug|Any CPU
		{D2E78282-824F-49EB-A8B8-DD878E471D15}.Release|Any CPU.ActiveCfg = Release|Any CPU
		{D2E78282-824F-49EB-A8B8-DD878E471D15}.Release|Any CPU.Build.0 = Release|Any CPU
		{19B20479-DB85-4E66-8E1F-DE0E0E9DC5ED}.Debug|Any CPU.ActiveCfg = Debug|Any CPU
		{19B20479-DB85-4E66-8E1F-DE0E0E9DC5ED}.Debug|Any CPU.Build.0 = Debug|Any CPU
		{19B20479-DB85-4E66-8E1F-DE0E0E9DC5ED}.Release|Any CPU.ActiveCfg = Release|Any CPU
		{19B20479-DB85-4E66-8E1F-DE0E0E9DC5ED}.Release|Any CPU.Build.0 = Release|Any CPU
		{77468F69-A860-438A-B339-89D06884350B}.Debug|Any CPU.ActiveCfg = Debug|Any CPU
		{77468F69-A860-438A-B339-89D06884350B}.Debug|Any CPU.Build.0 = Debug|Any CPU
		{77468F69-A860-438A-B339-89D06884350B}.Release|Any CPU.ActiveCfg = Release|Any CPU
		{77468F69-A860-438A-B339-89D06884350B}.Release|Any CPU.Build.0 = Release|Any CPU
		{28AAD748-3025-4D34-8A53-DC67DA5B74F8}.Debug|Any CPU.ActiveCfg = Debug|Any CPU
		{28AAD748-3025-4D34-8A53-DC67DA5B74F8}.Debug|Any CPU.Build.0 = Debug|Any CPU
		{28AAD748-3025-4D34-8A53-DC67DA5B74F8}.Release|Any CPU.ActiveCfg = Release|Any CPU
		{28AAD748-3025-4D34-8A53-DC67DA5B74F8}.Release|Any CPU.Build.0 = Release|Any CPU
		{7A3E463D-1EEC-4E69-B57E-F282A0D32233}.Debug|Any CPU.ActiveCfg = Debug|Any CPU
		{7A3E463D-1EEC-4E69-B57E-F282A0D32233}.Debug|Any CPU.Build.0 = Debug|Any CPU
		{7A3E463D-1EEC-4E69-B57E-F282A0D32233}.Release|Any CPU.ActiveCfg = Release|Any CPU
		{7A3E463D-1EEC-4E69-B57E-F282A0D32233}.Release|Any CPU.Build.0 = Release|Any CPU
		{80557C08-CB59-4A79-A034-BA6A5B9DCAC0}.Debug|Any CPU.ActiveCfg = Debug|Any CPU
		{80557C08-CB59-4A79-A034-BA6A5B9DCAC0}.Debug|Any CPU.Build.0 = Debug|Any CPU
		{80557C08-CB59-4A79-A034-BA6A5B9DCAC0}.Release|Any CPU.ActiveCfg = Release|Any CPU
		{80557C08-CB59-4A79-A034-BA6A5B9DCAC0}.Release|Any CPU.Build.0 = Release|Any CPU
		{5252A910-9B58-4F3B-B264-424647665001}.Debug|Any CPU.ActiveCfg = Debug|Any CPU
		{5252A910-9B58-4F3B-B264-424647665001}.Debug|Any CPU.Build.0 = Debug|Any CPU
		{5252A910-9B58-4F3B-B264-424647665001}.Release|Any CPU.ActiveCfg = Release|Any CPU
		{5252A910-9B58-4F3B-B264-424647665001}.Release|Any CPU.Build.0 = Release|Any CPU
	EndGlobalSection
	GlobalSection(SolutionProperties) = preSolution
		HideSolutionNode = FALSE
	EndGlobalSection
	GlobalSection(NestedProjects) = preSolution
		{131E6191-DF3D-4EDF-9B78-5BF5C40D768B} = {BA9E72B2-6021-4150-8200-A9AB1FBB0FAE}
		{5E213F1D-670C-4CBF-985E-0904F6FF0895} = {171DFAC6-A993-4371-AC87-F84B00529706}
		{D2E78282-824F-49EB-A8B8-DD878E471D15} = {171DFAC6-A993-4371-AC87-F84B00529706}
		{19B20479-DB85-4E66-8E1F-DE0E0E9DC5ED} = {171DFAC6-A993-4371-AC87-F84B00529706}
		{262C4A81-7F3D-480B-BEC1-818436697F4B} = {8D36C16B-E0C2-41C4-97B7-8C5CBA18A836}
		{77468F69-A860-438A-B339-89D06884350B} = {262C4A81-7F3D-480B-BEC1-818436697F4B}
		{28AAD748-3025-4D34-8A53-DC67DA5B74F8} = {262C4A81-7F3D-480B-BEC1-818436697F4B}
		{9017EB5C-7AF2-45FA-9B32-6139B3AE157A} = {8D36C16B-E0C2-41C4-97B7-8C5CBA18A836}
		{7A3E463D-1EEC-4E69-B57E-F282A0D32233} = {9017EB5C-7AF2-45FA-9B32-6139B3AE157A}
		{80557C08-CB59-4A79-A034-BA6A5B9DCAC0} = {9017EB5C-7AF2-45FA-9B32-6139B3AE157A}
		{5252A910-9B58-4F3B-B264-424647665001} = {B79C29D8-50F5-4C7C-A024-53F9F51C218E}
	EndGlobalSection
	GlobalSection(ExtensibilityGlobals) = postSolution
		SolutionGuid = {BCAEFEEF-9688-45AF-A900-B21464697344}
	EndGlobalSection
EndGlobal
